// !$*UTF8*$!
{
	archiveVersion = 1;
	classes = {
	};
	objectVersion = 48;
	objects = {

/* Begin PBXBuildFile section */
		08199142209064C90003B10E /* ItemCell.swift in Sources */ = {isa = PBXBuildFile; fileRef = 08199141209064C90003B10E /* ItemCell.swift */; };
		08975F1C209078E3001260F4 /* DetailItemViewController.swift in Sources */ = {isa = PBXBuildFile; fileRef = 08975F1B209078E3001260F4 /* DetailItemViewController.swift */; };
		B801B7B120776B940085958F /* Category.swift in Sources */ = {isa = PBXBuildFile; fileRef = B801B7B020776B940085958F /* Category.swift */; };
		B801B7B320776C2B0085958F /* CategoryTableViewController.swift in Sources */ = {isa = PBXBuildFile; fileRef = B801B7B220776C2B0085958F /* CategoryTableViewController.swift */; };
		B8AC5D61207752100024FF88 /* JustDoIt.xcdatamodeld in Sources */ = {isa = PBXBuildFile; fileRef = B8AC5D5F207752100024FF88 /* JustDoIt.xcdatamodeld */; };
		B8C4D62E206E1FE300B05D1D /* AppDelegate.swift in Sources */ = {isa = PBXBuildFile; fileRef = B8C4D62D206E1FE300B05D1D /* AppDelegate.swift */; };
		B8C4D630206E1FE300B05D1D /* ListViewController.swift in Sources */ = {isa = PBXBuildFile; fileRef = B8C4D62F206E1FE300B05D1D /* ListViewController.swift */; };
		B8C4D633206E1FE400B05D1D /* Main.storyboard in Resources */ = {isa = PBXBuildFile; fileRef = B8C4D631206E1FE400B05D1D /* Main.storyboard */; };
		B8C4D635206E1FE400B05D1D /* Assets.xcassets in Resources */ = {isa = PBXBuildFile; fileRef = B8C4D634206E1FE400B05D1D /* Assets.xcassets */; };
		B8C4D638206E1FE400B05D1D /* LaunchScreen.storyboard in Resources */ = {isa = PBXBuildFile; fileRef = B8C4D636206E1FE400B05D1D /* LaunchScreen.storyboard */; };
		B8C4D643206E1FE400B05D1D /* JustDoItTests.swift in Sources */ = {isa = PBXBuildFile; fileRef = B8C4D642206E1FE400B05D1D /* JustDoItTests.swift */; };
		B8C4D64E206E1FE400B05D1D /* JustDoItUITests.swift in Sources */ = {isa = PBXBuildFile; fileRef = B8C4D64D206E1FE400B05D1D /* JustDoItUITests.swift */; };
		B8C4D65E206E31FA00B05D1D /* Item.swift in Sources */ = {isa = PBXBuildFile; fileRef = B8C4D65D206E31FA00B05D1D /* Item.swift */; };
		B8C4D660206E7B9300B05D1D /* DataManager.swift in Sources */ = {isa = PBXBuildFile; fileRef = B8C4D65F206E7B9300B05D1D /* DataManager.swift */; };
		B8CFF605207776390001524A /* DetailCategoryViewController.swift in Sources */ = {isa = PBXBuildFile; fileRef = B8CFF604207776390001524A /* DetailCategoryViewController.swift */; };
/* End PBXBuildFile section */

/* Begin PBXContainerItemProxy section */
		B8C4D63F206E1FE400B05D1D /* PBXContainerItemProxy */ = {
			isa = PBXContainerItemProxy;
			containerPortal = B8C4D622206E1FE300B05D1D /* Project object */;
			proxyType = 1;
			remoteGlobalIDString = B8C4D629206E1FE300B05D1D;
			remoteInfo = JustDoIt;
		};
		B8C4D64A206E1FE400B05D1D /* PBXContainerItemProxy */ = {
			isa = PBXContainerItemProxy;
			containerPortal = B8C4D622206E1FE300B05D1D /* Project object */;
			proxyType = 1;
			remoteGlobalIDString = B8C4D629206E1FE300B05D1D;
			remoteInfo = JustDoIt;
		};
/* End PBXContainerItemProxy section */

/* Begin PBXFileReference section */
		08199141209064C90003B10E /* ItemCell.swift */ = {isa = PBXFileReference; lastKnownFileType = sourcecode.swift; path = ItemCell.swift; sourceTree = "<group>"; };
		08975F1B209078E3001260F4 /* DetailItemViewController.swift */ = {isa = PBXFileReference; lastKnownFileType = sourcecode.swift; path = DetailItemViewController.swift; sourceTree = "<group>"; };
		B801B7B020776B940085958F /* Category.swift */ = {isa = PBXFileReference; lastKnownFileType = sourcecode.swift; path = Category.swift; sourceTree = "<group>"; };
		B801B7B220776C2B0085958F /* CategoryTableViewController.swift */ = {isa = PBXFileReference; lastKnownFileType = sourcecode.swift; path = CategoryTableViewController.swift; sourceTree = "<group>"; };
		B8AC5D60207752100024FF88 /* JustDoIt.xcdatamodel */ = {isa = PBXFileReference; lastKnownFileType = wrapper.xcdatamodel; path = JustDoIt.xcdatamodel; sourceTree = "<group>"; };
		B8C4D62A206E1FE300B05D1D /* JustDoIt.app */ = {isa = PBXFileReference; explicitFileType = wrapper.application; includeInIndex = 0; path = JustDoIt.app; sourceTree = BUILT_PRODUCTS_DIR; };
		B8C4D62D206E1FE300B05D1D /* AppDelegate.swift */ = {isa = PBXFileReference; lastKnownFileType = sourcecode.swift; path = AppDelegate.swift; sourceTree = "<group>"; };
		B8C4D62F206E1FE300B05D1D /* ListViewController.swift */ = {isa = PBXFileReference; lastKnownFileType = sourcecode.swift; path = ListViewController.swift; sourceTree = "<group>"; };
		B8C4D632206E1FE400B05D1D /* Base */ = {isa = PBXFileReference; lastKnownFileType = file.storyboard; name = Base; path = Base.lproj/Main.storyboard; sourceTree = "<group>"; };
		B8C4D634206E1FE400B05D1D /* Assets.xcassets */ = {isa = PBXFileReference; lastKnownFileType = folder.assetcatalog; path = Assets.xcassets; sourceTree = "<group>"; };
		B8C4D637206E1FE400B05D1D /* Base */ = {isa = PBXFileReference; lastKnownFileType = file.storyboard; name = Base; path = Base.lproj/LaunchScreen.storyboard; sourceTree = "<group>"; };
		B8C4D639206E1FE400B05D1D /* Info.plist */ = {isa = PBXFileReference; lastKnownFileType = text.plist.xml; path = Info.plist; sourceTree = "<group>"; };
		B8C4D63E206E1FE400B05D1D /* JustDoItTests.xctest */ = {isa = PBXFileReference; explicitFileType = wrapper.cfbundle; includeInIndex = 0; path = JustDoItTests.xctest; sourceTree = BUILT_PRODUCTS_DIR; };
		B8C4D642206E1FE400B05D1D /* JustDoItTests.swift */ = {isa = PBXFileReference; lastKnownFileType = sourcecode.swift; path = JustDoItTests.swift; sourceTree = "<group>"; };
		B8C4D644206E1FE400B05D1D /* Info.plist */ = {isa = PBXFileReference; lastKnownFileType = text.plist.xml; path = Info.plist; sourceTree = "<group>"; };
		B8C4D649206E1FE400B05D1D /* JustDoItUITests.xctest */ = {isa = PBXFileReference; explicitFileType = wrapper.cfbundle; includeInIndex = 0; path = JustDoItUITests.xctest; sourceTree = BUILT_PRODUCTS_DIR; };
		B8C4D64D206E1FE400B05D1D /* JustDoItUITests.swift */ = {isa = PBXFileReference; lastKnownFileType = sourcecode.swift; path = JustDoItUITests.swift; sourceTree = "<group>"; };
		B8C4D64F206E1FE400B05D1D /* Info.plist */ = {isa = PBXFileReference; lastKnownFileType = text.plist.xml; path = Info.plist; sourceTree = "<group>"; };
		B8C4D65D206E31FA00B05D1D /* Item.swift */ = {isa = PBXFileReference; lastKnownFileType = sourcecode.swift; path = Item.swift; sourceTree = "<group>"; };
		B8C4D65F206E7B9300B05D1D /* DataManager.swift */ = {isa = PBXFileReference; lastKnownFileType = sourcecode.swift; path = DataManager.swift; sourceTree = "<group>"; };
		B8CFF604207776390001524A /* DetailCategoryViewController.swift */ = {isa = PBXFileReference; lastKnownFileType = sourcecode.swift; path = DetailCategoryViewController.swift; sourceTree = "<group>"; };
/* End PBXFileReference section */

/* Begin PBXFrameworksBuildPhase section */
		B8C4D627206E1FE300B05D1D /* Frameworks */ = {
			isa = PBXFrameworksBuildPhase;
			buildActionMask = 2147483647;
			files = (
			);
			runOnlyForDeploymentPostprocessing = 0;
		};
		B8C4D63B206E1FE400B05D1D /* Frameworks */ = {
			isa = PBXFrameworksBuildPhase;
			buildActionMask = 2147483647;
			files = (
			);
			runOnlyForDeploymentPostprocessing = 0;
		};
		B8C4D646206E1FE400B05D1D /* Frameworks */ = {
			isa = PBXFrameworksBuildPhase;
			buildActionMask = 2147483647;
			files = (
			);
			runOnlyForDeploymentPostprocessing = 0;
		};
/* End PBXFrameworksBuildPhase section */

/* Begin PBXGroup section */
		B82B70542077656000DB4929 /* Controller */ = {
			isa = PBXGroup;
			children = (
				B8C4D62F206E1FE300B05D1D /* ListViewController.swift */,
				B801B7B220776C2B0085958F /* CategoryTableViewController.swift */,
				B8CFF604207776390001524A /* DetailCategoryViewController.swift */,
				08975F1B209078E3001260F4 /* DetailItemViewController.swift */,
			);
			path = Controller;
			sourceTree = "<group>";
		};
		B82B70552077657A00DB4929 /* Model */ = {
			isa = PBXGroup;
			children = (
				B8C4D65F206E7B9300B05D1D /* DataManager.swift */,
				B8C4D65D206E31FA00B05D1D /* Item.swift */,
				B801B7B020776B940085958F /* Category.swift */,
				08199141209064C90003B10E /* ItemCell.swift */,
			);
			path = Model;
			sourceTree = "<group>";
		};
		B8C4D621206E1FE300B05D1D = {
			isa = PBXGroup;
			children = (
				B8C4D62C206E1FE300B05D1D /* JustDoIt */,
				B8C4D641206E1FE400B05D1D /* JustDoItTests */,
				B8C4D64C206E1FE400B05D1D /* JustDoItUITests */,
				B8C4D62B206E1FE300B05D1D /* Products */,
			);
			sourceTree = "<group>";
		};
		B8C4D62B206E1FE300B05D1D /* Products */ = {
			isa = PBXGroup;
			children = (
				B8C4D62A206E1FE300B05D1D /* JustDoIt.app */,
				B8C4D63E206E1FE400B05D1D /* JustDoItTests.xctest */,
				B8C4D649206E1FE400B05D1D /* JustDoItUITests.xctest */,
			);
			name = Products;
			sourceTree = "<group>";
		};
		B8C4D62C206E1FE300B05D1D /* JustDoIt */ = {
			isa = PBXGroup;
			children = (
				B82B70552077657A00DB4929 /* Model */,
				B82B70542077656000DB4929 /* Controller */,
				B8C4D62D206E1FE300B05D1D /* AppDelegate.swift */,
				B8AC5D5F207752100024FF88 /* JustDoIt.xcdatamodeld */,
				B8C4D631206E1FE400B05D1D /* Main.storyboard */,
				B8C4D634206E1FE400B05D1D /* Assets.xcassets */,
				B8C4D636206E1FE400B05D1D /* LaunchScreen.storyboard */,
				B8C4D639206E1FE400B05D1D /* Info.plist */,
			);
			path = JustDoIt;
			sourceTree = "<group>";
		};
		B8C4D641206E1FE400B05D1D /* JustDoItTests */ = {
			isa = PBXGroup;
			children = (
				B8C4D642206E1FE400B05D1D /* JustDoItTests.swift */,
				B8C4D644206E1FE400B05D1D /* Info.plist */,
			);
			path = JustDoItTests;
			sourceTree = "<group>";
		};
		B8C4D64C206E1FE400B05D1D /* JustDoItUITests */ = {
			isa = PBXGroup;
			children = (
				B8C4D64D206E1FE400B05D1D /* JustDoItUITests.swift */,
				B8C4D64F206E1FE400B05D1D /* Info.plist */,
			);
			path = JustDoItUITests;
			sourceTree = "<group>";
		};
/* End PBXGroup section */

/* Begin PBXNativeTarget section */
		B8C4D629206E1FE300B05D1D /* JustDoIt */ = {
			isa = PBXNativeTarget;
			buildConfigurationList = B8C4D652206E1FE400B05D1D /* Build configuration list for PBXNativeTarget "JustDoIt" */;
			buildPhases = (
				B8C4D626206E1FE300B05D1D /* Sources */,
				B8C4D627206E1FE300B05D1D /* Frameworks */,
				B8C4D628206E1FE300B05D1D /* Resources */,
			);
			buildRules = (
			);
			dependencies = (
			);
			name = JustDoIt;
			productName = JustDoIt;
			productReference = B8C4D62A206E1FE300B05D1D /* JustDoIt.app */;
			productType = "com.apple.product-type.application";
		};
		B8C4D63D206E1FE400B05D1D /* JustDoItTests */ = {
			isa = PBXNativeTarget;
			buildConfigurationList = B8C4D655206E1FE400B05D1D /* Build configuration list for PBXNativeTarget "JustDoItTests" */;
			buildPhases = (
				B8C4D63A206E1FE400B05D1D /* Sources */,
				B8C4D63B206E1FE400B05D1D /* Frameworks */,
				B8C4D63C206E1FE400B05D1D /* Resources */,
			);
			buildRules = (
			);
			dependencies = (
				B8C4D640206E1FE400B05D1D /* PBXTargetDependency */,
			);
			name = JustDoItTests;
			productName = JustDoItTests;
			productReference = B8C4D63E206E1FE400B05D1D /* JustDoItTests.xctest */;
			productType = "com.apple.product-type.bundle.unit-test";
		};
		B8C4D648206E1FE400B05D1D /* JustDoItUITests */ = {
			isa = PBXNativeTarget;
			buildConfigurationList = B8C4D658206E1FE400B05D1D /* Build configuration list for PBXNativeTarget "JustDoItUITests" */;
			buildPhases = (
				B8C4D645206E1FE400B05D1D /* Sources */,
				B8C4D646206E1FE400B05D1D /* Frameworks */,
				B8C4D647206E1FE400B05D1D /* Resources */,
			);
			buildRules = (
			);
			dependencies = (
				B8C4D64B206E1FE400B05D1D /* PBXTargetDependency */,
			);
			name = JustDoItUITests;
			productName = JustDoItUITests;
			productReference = B8C4D649206E1FE400B05D1D /* JustDoItUITests.xctest */;
			productType = "com.apple.product-type.bundle.ui-testing";
		};
/* End PBXNativeTarget section */

/* Begin PBXProject section */
		B8C4D622206E1FE300B05D1D /* Project object */ = {
			isa = PBXProject;
			attributes = {
				LastSwiftUpdateCheck = 0900;
				LastUpgradeCheck = 0900;
				ORGANIZATIONNAME = iem;
				TargetAttributes = {
					B8C4D629206E1FE300B05D1D = {
						CreatedOnToolsVersion = 9.0;
						ProvisioningStyle = Automatic;
					};
					B8C4D63D206E1FE400B05D1D = {
						CreatedOnToolsVersion = 9.0;
						ProvisioningStyle = Automatic;
						TestTargetID = B8C4D629206E1FE300B05D1D;
					};
					B8C4D648206E1FE400B05D1D = {
						CreatedOnToolsVersion = 9.0;
						ProvisioningStyle = Automatic;
						TestTargetID = B8C4D629206E1FE300B05D1D;
					};
				};
			};
			buildConfigurationList = B8C4D625206E1FE300B05D1D /* Build configuration list for PBXProject "JustDoIt" */;
			compatibilityVersion = "Xcode 8.0";
			developmentRegion = en;
			hasScannedForEncodings = 0;
			knownRegions = (
				en,
				Base,
			);
			mainGroup = B8C4D621206E1FE300B05D1D;
			productRefGroup = B8C4D62B206E1FE300B05D1D /* Products */;
			projectDirPath = "";
			projectRoot = "";
			targets = (
				B8C4D629206E1FE300B05D1D /* JustDoIt */,
				B8C4D63D206E1FE400B05D1D /* JustDoItTests */,
				B8C4D648206E1FE400B05D1D /* JustDoItUITests */,
			);
		};
/* End PBXProject section */

/* Begin PBXResourcesBuildPhase section */
		B8C4D628206E1FE300B05D1D /* Resources */ = {
			isa = PBXResourcesBuildPhase;
			buildActionMask = 2147483647;
			files = (
				B8C4D638206E1FE400B05D1D /* LaunchScreen.storyboard in Resources */,
				B8C4D635206E1FE400B05D1D /* Assets.xcassets in Resources */,
				B8C4D633206E1FE400B05D1D /* Main.storyboard in Resources */,
			);
			runOnlyForDeploymentPostprocessing = 0;
		};
		B8C4D63C206E1FE400B05D1D /* Resources */ = {
			isa = PBXResourcesBuildPhase;
			buildActionMask = 2147483647;
			files = (
			);
			runOnlyForDeploymentPostprocessing = 0;
		};
		B8C4D647206E1FE400B05D1D /* Resources */ = {
			isa = PBXResourcesBuildPhase;
			buildActionMask = 2147483647;
			files = (
			);
			runOnlyForDeploymentPostprocessing = 0;
		};
/* End PBXResourcesBuildPhase section */

/* Begin PBXSourcesBuildPhase section */
		B8C4D626206E1FE300B05D1D /* Sources */ = {
			isa = PBXSourcesBuildPhase;
			buildActionMask = 2147483647;
			files = (
				B8C4D65E206E31FA00B05D1D /* Item.swift in Sources */,
				B8C4D660206E7B9300B05D1D /* DataManager.swift in Sources */,
				B8C4D630206E1FE300B05D1D /* ListViewController.swift in Sources */,
				B801B7B320776C2B0085958F /* CategoryTableViewController.swift in Sources */,
				08199142209064C90003B10E /* ItemCell.swift in Sources */,
				B8AC5D61207752100024FF88 /* JustDoIt.xcdatamodeld in Sources */,
				B8C4D62E206E1FE300B05D1D /* AppDelegate.swift in Sources */,
				08975F1C209078E3001260F4 /* DetailItemViewController.swift in Sources */,
				B8CFF605207776390001524A /* DetailCategoryViewController.swift in Sources */,
				B801B7B120776B940085958F /* Category.swift in Sources */,
			);
			runOnlyForDeploymentPostprocessing = 0;
		};
		B8C4D63A206E1FE400B05D1D /* Sources */ = {
			isa = PBXSourcesBuildPhase;
			buildActionMask = 2147483647;
			files = (
				B8C4D643206E1FE400B05D1D /* JustDoItTests.swift in Sources */,
			);
			runOnlyForDeploymentPostprocessing = 0;
		};
		B8C4D645206E1FE400B05D1D /* Sources */ = {
			isa = PBXSourcesBuildPhase;
			buildActionMask = 2147483647;
			files = (
				B8C4D64E206E1FE400B05D1D /* JustDoItUITests.swift in Sources */,
			);
			runOnlyForDeploymentPostprocessing = 0;
		};
/* End PBXSourcesBuildPhase section */

/* Begin PBXTargetDependency section */
		B8C4D640206E1FE400B05D1D /* PBXTargetDependency */ = {
			isa = PBXTargetDependency;
			target = B8C4D629206E1FE300B05D1D /* JustDoIt */;
			targetProxy = B8C4D63F206E1FE400B05D1D /* PBXContainerItemProxy */;
		};
		B8C4D64B206E1FE400B05D1D /* PBXTargetDependency */ = {
			isa = PBXTargetDependency;
			target = B8C4D629206E1FE300B05D1D /* JustDoIt */;
			targetProxy = B8C4D64A206E1FE400B05D1D /* PBXContainerItemProxy */;
		};
/* End PBXTargetDependency section */

/* Begin PBXVariantGroup section */
		B8C4D631206E1FE400B05D1D /* Main.storyboard */ = {
			isa = PBXVariantGroup;
			children = (
				B8C4D632206E1FE400B05D1D /* Base */,
			);
			name = Main.storyboard;
			sourceTree = "<group>";
		};
		B8C4D636206E1FE400B05D1D /* LaunchScreen.storyboard */ = {
			isa = PBXVariantGroup;
			children = (
				B8C4D637206E1FE400B05D1D /* Base */,
			);
			name = LaunchScreen.storyboard;
			sourceTree = "<group>";
		};
/* End PBXVariantGroup section */

/* Begin XCBuildConfiguration section */
		B8C4D650206E1FE400B05D1D /* Debug */ = {
			isa = XCBuildConfiguration;
			buildSettings = {
				ALWAYS_SEARCH_USER_PATHS = NO;
				CLANG_ANALYZER_NONNULL = YES;
				CLANG_ANALYZER_NUMBER_OBJECT_CONVERSION = YES_AGGRESSIVE;
				CLANG_CXX_LANGUAGE_STANDARD = "gnu++14";
				CLANG_CXX_LIBRARY = "libc++";
				CLANG_ENABLE_MODULES = YES;
				CLANG_ENABLE_OBJC_ARC = YES;
				CLANG_WARN_BLOCK_CAPTURE_AUTORELEASING = YES;
				CLANG_WARN_BOOL_CONVERSION = YES;
				CLANG_WARN_COMMA = YES;
				CLANG_WARN_CONSTANT_CONVERSION = YES;
				CLANG_WARN_DIRECT_OBJC_ISA_USAGE = YES_ERROR;
				CLANG_WARN_DOCUMENTATION_COMMENTS = YES;
				CLANG_WARN_EMPTY_BODY = YES;
				CLANG_WARN_ENUM_CONVERSION = YES;
				CLANG_WARN_INFINITE_RECURSION = YES;
				CLANG_WARN_INT_CONVERSION = YES;
				CLANG_WARN_NON_LITERAL_NULL_CONVERSION = YES;
				CLANG_WARN_OBJC_LITERAL_CONVERSION = YES;
				CLANG_WARN_OBJC_ROOT_CLASS = YES_ERROR;
				CLANG_WARN_RANGE_LOOP_ANALYSIS = YES;
				CLANG_WARN_STRICT_PROTOTYPES = YES;
				CLANG_WARN_SUSPICIOUS_MOVE = YES;
				CLANG_WARN_UNGUARDED_AVAILABILITY = YES_AGGRESSIVE;
				CLANG_WARN_UNREACHABLE_CODE = YES;
				CLANG_WARN__DUPLICATE_METHOD_MATCH = YES;
				CODE_SIGN_IDENTITY = "iPhone Developer";
				COPY_PHASE_STRIP = NO;
				DEBUG_INFORMATION_FORMAT = dwarf;
				ENABLE_STRICT_OBJC_MSGSEND = YES;
				ENABLE_TESTABILITY = YES;
				GCC_C_LANGUAGE_STANDARD = gnu11;
				GCC_DYNAMIC_NO_PIC = NO;
				GCC_NO_COMMON_BLOCKS = YES;
				GCC_OPTIMIZATION_LEVEL = 0;
				GCC_PREPROCESSOR_DEFINITIONS = (
					"DEBUG=1",
					"$(inherited)",
				);
				GCC_WARN_64_TO_32_BIT_CONVERSION = YES;
				GCC_WARN_ABOUT_RETURN_TYPE = YES_ERROR;
				GCC_WARN_UNDECLARED_SELECTOR = YES;
				GCC_WARN_UNINITIALIZED_AUTOS = YES_AGGRESSIVE;
				GCC_WARN_UNUSED_FUNCTION = YES;
				GCC_WARN_UNUSED_VARIABLE = YES;
				IPHONEOS_DEPLOYMENT_TARGET = 11.0;
				MTL_ENABLE_DEBUG_INFO = YES;
				ONLY_ACTIVE_ARCH = YES;
				SDKROOT = iphoneos;
				SWIFT_ACTIVE_COMPILATION_CONDITIONS = DEBUG;
				SWIFT_OPTIMIZATION_LEVEL = "-Onone";
			};
			name = Debug;
		};
		B8C4D651206E1FE400B05D1D /* Release */ = {
			isa = XCBuildConfiguration;
			buildSettings = {
				ALWAYS_SEARCH_USER_PATHS = NO;
				CLANG_ANALYZER_NONNULL = YES;
				CLANG_ANALYZER_NUMBER_OBJECT_CONVERSION = YES_AGGRESSIVE;
				CLANG_CXX_LANGUAGE_STANDARD = "gnu++14";
				CLANG_CXX_LIBRARY = "libc++";
				CLANG_ENABLE_MODULES = YES;
				CLANG_ENABLE_OBJC_ARC = YES;
				CLANG_WARN_BLOCK_CAPTURE_AUTORELEASING = YES;
				CLANG_WARN_BOOL_CONVERSION = YES;
				CLANG_WARN_COMMA = YES;
				CLANG_WARN_CONSTANT_CONVERSION = YES;
				CLANG_WARN_DIRECT_OBJC_ISA_USAGE = YES_ERROR;
				CLANG_WARN_DOCUMENTATION_COMMENTS = YES;
				CLANG_WARN_EMPTY_BODY = YES;
				CLANG_WARN_ENUM_CONVERSION = YES;
				CLANG_WARN_INFINITE_RECURSION = YES;
				CLANG_WARN_INT_CONVERSION = YES;
				CLANG_WARN_NON_LITERAL_NULL_CONVERSION = YES;
				CLANG_WARN_OBJC_LITERAL_CONVERSION = YES;
				CLANG_WARN_OBJC_ROOT_CLASS = YES_ERROR;
				CLANG_WARN_RANGE_LOOP_ANALYSIS = YES;
				CLANG_WARN_STRICT_PROTOTYPES = YES;
				CLANG_WARN_SUSPICIOUS_MOVE = YES;
				CLANG_WARN_UNGUARDED_AVAILABILITY = YES_AGGRESSIVE;
				CLANG_WARN_UNREACHABLE_CODE = YES;
				CLANG_WARN__DUPLICATE_METHOD_MATCH = YES;
				CODE_SIGN_IDENTITY = "iPhone Developer";
				COPY_PHASE_STRIP = NO;
				DEBUG_INFORMATION_FORMAT = "dwarf-with-dsym";
				ENABLE_NS_ASSERTIONS = NO;
				ENABLE_STRICT_OBJC_MSGSEND = YES;
				GCC_C_LANGUAGE_STANDARD = gnu11;
				GCC_NO_COMMON_BLOCKS = YES;
				GCC_WARN_64_TO_32_BIT_CONVERSION = YES;
				GCC_WARN_ABOUT_RETURN_TYPE = YES_ERROR;
				GCC_WARN_UNDECLARED_SELECTOR = YES;
				GCC_WARN_UNINITIALIZED_AUTOS = YES_AGGRESSIVE;
				GCC_WARN_UNUSED_FUNCTION = YES;
				GCC_WARN_UNUSED_VARIABLE = YES;
				IPHONEOS_DEPLOYMENT_TARGET = 11.0;
				MTL_ENABLE_DEBUG_INFO = NO;
				SDKROOT = iphoneos;
				SWIFT_OPTIMIZATION_LEVEL = "-Owholemodule";
				VALIDATE_PRODUCT = YES;
			};
			name = Release;
		};
		B8C4D653206E1FE400B05D1D /* Debug */ = {
			isa = XCBuildConfiguration;
			buildSettings = {
				ASSETCATALOG_COMPILER_APPICON_NAME = AppIcon;
				CODE_SIGN_STYLE = Automatic;
				INFOPLIST_FILE = JustDoIt/Info.plist;
				LD_RUNPATH_SEARCH_PATHS = "$(inherited) @executable_path/Frameworks";
				PRODUCT_BUNDLE_IDENTIFIER = test.JustDoIt;
				PRODUCT_NAME = "$(TARGET_NAME)";
				SWIFT_VERSION = 4.0;
				TARGETED_DEVICE_FAMILY = "1,2";
			};
			name = Debug;
		};
		B8C4D654206E1FE400B05D1D /* Release */ = {
			isa = XCBuildConfiguration;
			buildSettings = {
				ASSETCATALOG_COMPILER_APPICON_NAME = AppIcon;
				CODE_SIGN_STYLE = Automatic;
				INFOPLIST_FILE = JustDoIt/Info.plist;
				LD_RUNPATH_SEARCH_PATHS = "$(inherited) @executable_path/Frameworks";
				PRODUCT_BUNDLE_IDENTIFIER = test.JustDoIt;
				PRODUCT_NAME = "$(TARGET_NAME)";
				SWIFT_VERSION = 4.0;
				TARGETED_DEVICE_FAMILY = "1,2";
			};
			name = Release;
		};
		B8C4D656206E1FE400B05D1D /* Debug */ = {
			isa = XCBuildConfiguration;
			buildSettings = {
				ALWAYS_EMBED_SWIFT_STANDARD_LIBRARIES = YES;
				BUNDLE_LOADER = "$(TEST_HOST)";
				CODE_SIGN_STYLE = Automatic;
				INFOPLIST_FILE = JustDoItTests/Info.plist;
				LD_RUNPATH_SEARCH_PATHS = "$(inherited) @executable_path/Frameworks @loader_path/Frameworks";
				PRODUCT_BUNDLE_IDENTIFIER = test.JustDoItTests;
				PRODUCT_NAME = "$(TARGET_NAME)";
				SWIFT_VERSION = 4.0;
				TARGETED_DEVICE_FAMILY = "1,2";
				TEST_HOST = "$(BUILT_PRODUCTS_DIR)/JustDoIt.app/JustDoIt";
			};
			name = Debug;
		};
		B8C4D657206E1FE400B05D1D /* Release */ = {
			isa = XCBuildConfiguration;
			buildSettings = {
				ALWAYS_EMBED_SWIFT_STANDARD_LIBRARIES = YES;
				BUNDLE_LOADER = "$(TEST_HOST)";
				CODE_SIGN_STYLE = Automatic;
				INFOPLIST_FILE = JustDoItTests/Info.plist;
				LD_RUNPATH_SEARCH_PATHS = "$(inherited) @executable_path/Frameworks @loader_path/Frameworks";
				PRODUCT_BUNDLE_IDENTIFIER = test.JustDoItTests;
				PRODUCT_NAME = "$(TARGET_NAME)";
				SWIFT_VERSION = 4.0;
				TARGETED_DEVICE_FAMILY = "1,2";
				TEST_HOST = "$(BUILT_PRODUCTS_DIR)/JustDoIt.app/JustDoIt";
			};
			name = Release;
		};
		B8C4D659206E1FE400B05D1D /* Debug */ = {
			isa = XCBuildConfiguration;
			buildSettings = {
				ALWAYS_EMBED_SWIFT_STANDARD_LIBRARIES = YES;
				CODE_SIGN_STYLE = Automatic;
				INFOPLIST_FILE = JustDoItUITests/Info.plist;
				LD_RUNPATH_SEARCH_PATHS = "$(inherited) @executable_path/Frameworks @loader_path/Frameworks";
				PRODUCT_BUNDLE_IDENTIFIER = test.JustDoItUITests;
				PRODUCT_NAME = "$(TARGET_NAME)";
				SWIFT_VERSION = 4.0;
				TARGETED_DEVICE_FAMILY = "1,2";
				TEST_TARGET_NAME = JustDoIt;
			};
			name = Debug;
		};
		B8C4D65A206E1FE400B05D1D /* Release */ = {
			isa = XCBuildConfiguration;
			buildSettings = {
				ALWAYS_EMBED_SWIFT_STANDARD_LIBRARIES = YES;
				CODE_SIGN_STYLE = Automatic;
				INFOPLIST_FILE = JustDoItUITests/Info.plist;
				LD_RUNPATH_SEARCH_PATHS = "$(inherited) @executable_path/Frameworks @loader_path/Frameworks";
				PRODUCT_BUNDLE_IDENTIFIER = test.JustDoItUITests;
				PRODUCT_NAME = "$(TARGET_NAME)";
				SWIFT_VERSION = 4.0;
				TARGETED_DEVICE_FAMILY = "1,2";
				TEST_TARGET_NAME = JustDoIt;
			};
			name = Release;
		};
/* End XCBuildConfiguration section */

/* Begin XCConfigurationList section */
		B8C4D625206E1FE300B05D1D /* Build configuration list for PBXProject "JustDoIt" */ = {
			isa = XCConfigurationList;
			buildConfigurations = (
				B8C4D650206E1FE400B05D1D /* Debug */,
				B8C4D651206E1FE400B05D1D /* Release */,
			);
			defaultConfigurationIsVisible = 0;
			defaultConfigurationName = Release;
		};
		B8C4D652206E1FE400B05D1D /* Build configuration list for PBXNativeTarget "JustDoIt" */ = {
			isa = XCConfigurationList;
			buildConfigurations = (
				B8C4D653206E1FE400B05D1D /* Debug */,
				B8C4D654206E1FE400B05D1D /* Release */,
			);
			defaultConfigurationIsVisible = 0;
			defaultConfigurationName = Release;
		};
		B8C4D655206E1FE400B05D1D /* Build configuration list for PBXNativeTarget "JustDoItTests" */ = {
			isa = XCConfigurationList;
			buildConfigurations = (
				B8C4D656206E1FE400B05D1D /* Debug */,
				B8C4D657206E1FE400B05D1D /* Release */,
			);
			defaultConfigurationIsVisible = 0;
			defaultConfigurationName = Release;
		};
		B8C4D658206E1FE400B05D1D /* Build configuration list for PBXNativeTarget "JustDoItUITests" */ = {
			isa = XCConfigurationList;
			buildConfigurations = (
				B8C4D659206E1FE400B05D1D /* Debug */,
				B8C4D65A206E1FE400B05D1D /* Release */,
			);
			defaultConfigurationIsVisible = 0;
			defaultConfigurationName = Release;
		};
/* End XCConfigurationList section */

/* Begin XCVersionGroup section */
		B8AC5D5F207752100024FF88 /* JustDoIt.xcdatamodeld */ = {
			isa = XCVersionGroup;
			children = (
				B8AC5D60207752100024FF88 /* JustDoIt.xcdatamodel */,
			);
			currentVersion = B8AC5D60207752100024FF88 /* JustDoIt.xcdatamodel */;
			path = JustDoIt.xcdatamodeld;
			sourceTree = "<group>";
			versionGroupType = wrapper.xcdatamodel;
		};
/* End XCVersionGroup section */
	};
	rootObject = B8C4D622206E1FE300B05D1D /* Project object */;
}
